
Microsoft Visual Studio Solution File, Format Version 12.00
# Visual Studio Version 17
VisualStudioVersion = 17.5.33516.290
MinimumVisualStudioVersion = 10.0.40219.1
Project("{8BC9CEB8-8B4A-11D0-8D11-00A0C91BC942}") = "07 - Access Specifiers-Modifiers", "07 - Access Specifiers-Modifiers\07 - Access Specifiers-Modifiers.vcxproj", "{0D5694D7-1A42-4874-84BF-763CD250EAAA}"
EndProject
Global
	GlobalSection(SolutionConfigurationPlatforms) = preSolution
		Debug|x64 = Debug|x64
		Debug|x86 = Debug|x86
		Release|x64 = Release|x64
		Release|x86 = Release|x86
	EndGlobalSection
	GlobalSection(ProjectConfigurationPlatforms) = postSolution
		{0D5694D7-1A42-4874-84BF-763CD250EAAA}.Debug|x64.ActiveCfg = Debug|x64
		{0D5694D7-1A42-4874-84BF-763CD250EAAA}.Debug|x64.Build.0 = Debug|x64
		{0D5694D7-1A42-4874-84BF-763CD250EAAA}.Debug|x86.ActiveCfg = Debug|Win32
		{0D5694D7-1A42-4874-84BF-763CD250EAAA}.Debug|x86.Build.0 = Debug|Win32
		{0D5694D7-1A42-4874-84BF-763CD250EAAA}.Release|x64.ActiveCfg = Release|x64
		{0D5694D7-1A42-4874-84BF-763CD250EAAA}.Release|x64.Build.0 = Release|x64
		{0D5694D7-1A42-4874-84BF-763CD250EAAA}.Release|x86.ActiveCfg = Release|Win32
		{0D5694D7-1A42-4874-84BF-763CD250EAAA}.Release|x86.Build.0 = Release|Win32
	EndGlobalSection
	GlobalSection(SolutionProperties) = preSolution
		HideSolutionNode = FALSE
	EndGlobalSection
	GlobalSection(ExtensibilityGlobals) = postSolution
		SolutionGuid = {944027B4-B27C-464F-A20B-3B405709D378}
	EndGlobalSection
EndGlobal
